
Microsoft Visual Studio Solution File, Format Version 12.00
# Visual Studio Version 17
VisualStudioVersion = 17.0.32112.339
MinimumVisualStudioVersion = 10.0.40219.1
Project("{FAE04EC0-301F-11D3-BF4B-00C04F79EFBC}") = "tic-tac-toe", "tic-tac-toe\tic-tac-toe.csproj", "{98299ED9-D776-4783-A984-66F1095A2A78}"
EndProject
Global
	GlobalSection(SolutionConfigurationPlatforms) = preSolution
		Debug|Any CPU = Debug|Any CPU
		Release|Any CPU = Release|Any CPU
	EndGlobalSection
	GlobalSection(ProjectConfigurationPlatforms) = postSolution
		{98299ED9-D776-4783-A984-66F1095A2A78}.Debug|Any CPU.ActiveCfg = Debug|Any CPU
		{98299ED9-D776-4783-A984-66F1095A2A78}.Debug|Any CPU.Build.0 = Debug|Any CPU
		{98299ED9-D776-4783-A984-66F1095A2A78}.Release|Any CPU.ActiveCfg = Release|Any CPU
		{98299ED9-D776-4783-A984-66F1095A2A78}.Release|Any CPU.Build.0 = Release|Any CPU
	EndGlobalSection
	GlobalSection(SolutionProperties) = preSolution
		HideSolutionNode = FALSE
	EndGlobalSection
	GlobalSection(ExtensibilityGlobals) = postSolution
		SolutionGuid = {E0D15AAF-121D-4C4A-A4DB-8C4D042BF8A7}
	EndGlobalSection
EndGlobal
